
Microsoft Visual Studio Solution File, Format Version 12.00
# Visual Studio 15
VisualStudioVersion = 15.0.26730.15
MinimumVisualStudioVersion = 10.0.40219.1
Project("{FAE04EC0-301F-11D3-BF4B-00C04F79EFBC}") = "ShopBay", "ShopBay\ShopBay.csproj", "{A6D33443-8451-4B34-8E6C-6890020303FB}"
EndProject
Global
	GlobalSection(SolutionConfigurationPlatforms) = preSolution
		Debug|Any CPU = Debug|Any CPU
		Release|Any CPU = Release|Any CPU
	EndGlobalSection
	GlobalSection(ProjectConfigurationPlatforms) = postSolution
		{A6D33443-8451-4B34-8E6C-6890020303FB}.Debug|Any CPU.ActiveCfg = Debug|Any CPU
		{A6D33443-8451-4B34-8E6C-6890020303FB}.Debug|Any CPU.Build.0 = Debug|Any CPU
		{A6D33443-8451-4B34-8E6C-6890020303FB}.Release|Any CPU.ActiveCfg = Release|Any CPU
		{A6D33443-8451-4B34-8E6C-6890020303FB}.Release|Any CPU.Build.0 = Release|Any CPU
	EndGlobalSection
	GlobalSection(SolutionProperties) = preSolution
		HideSolutionNode = FALSE
	EndGlobalSection
	GlobalSection(ExtensibilityGlobals) = postSolution
		SolutionGuid = {C7CD3860-0345-4DF6-AB21-06CBA3CC7933}
	EndGlobalSection
EndGlobal
